
Microsoft Visual Studio Solution File, Format Version 12.00
# Visual Studio Version 17
VisualStudioVersion = 17.9.34321.82
MinimumVisualStudioVersion = 10.0.40219.1
Project("{FAE04EC0-301F-11D3-BF4B-00C04F79EFBC}") = "Catch-A-Cat-Tests", "Catch-A-Cat-Tests.csproj", "{CAC06AE6-199F-4106-BDF5-BAF2DC25219B}"
EndProject
Global
	GlobalSection(SolutionConfigurationPlatforms) = preSolution
		Debug|Any CPU = Debug|Any CPU
		Release|Any CPU = Release|Any CPU
	EndGlobalSection
	GlobalSection(ProjectConfigurationPlatforms) = postSolution
		{CAC06AE6-199F-4106-BDF5-BAF2DC25219B}.Debug|Any CPU.ActiveCfg = Debug|Any CPU
		{CAC06AE6-199F-4106-BDF5-BAF2DC25219B}.Debug|Any CPU.Build.0 = Debug|Any CPU
		{CAC06AE6-199F-4106-BDF5-BAF2DC25219B}.Release|Any CPU.ActiveCfg = Release|Any CPU
		{CAC06AE6-199F-4106-BDF5-BAF2DC25219B}.Release|Any CPU.Build.0 = Release|Any CPU
	EndGlobalSection
	GlobalSection(SolutionProperties) = preSolution
		HideSolutionNode = FALSE
	EndGlobalSection
	GlobalSection(ExtensibilityGlobals) = postSolution
		SolutionGuid = {500E0BA3-093A-4F8D-A9B3-D2A566E8D51E}
	EndGlobalSection
EndGlobal
